
Microsoft Visual Studio Solution File, Format Version 12.00
# Visual Studio 2013
VisualStudioVersion = 12.0.30501.0
MinimumVisualStudioVersion = 10.0.40219.1
Project("{FAE04EC0-301F-11D3-BF4B-00C04F79EFBC}") = "way2-ta01", "way2-ta01\way2-ta01.csproj", "{881A33A3-319A-4A7C-9095-1D33E7D4F2FD}"
EndProject
Project("{FAE04EC0-301F-11D3-BF4B-00C04F79EFBC}") = "way2-ta01.Test", "way2-ta01.Test\way2-ta01.Test.csproj", "{B368BB33-0153-4601-A74D-B5D0FE992D42}"
EndProject
Global
	GlobalSection(SolutionConfigurationPlatforms) = preSolution
		Debug|Any CPU = Debug|Any CPU
		Release|Any CPU = Release|Any CPU
	EndGlobalSection
	GlobalSection(ProjectConfigurationPlatforms) = postSolution
		{881A33A3-319A-4A7C-9095-1D33E7D4F2FD}.Debug|Any CPU.ActiveCfg = Debug|Any CPU
		{881A33A3-319A-4A7C-9095-1D33E7D4F2FD}.Debug|Any CPU.Build.0 = Debug|Any CPU
		{881A33A3-319A-4A7C-9095-1D33E7D4F2FD}.Release|Any CPU.ActiveCfg = Release|Any CPU
		{881A33A3-319A-4A7C-9095-1D33E7D4F2FD}.Release|Any CPU.Build.0 = Release|Any CPU
		{B368BB33-0153-4601-A74D-B5D0FE992D42}.Debug|Any CPU.ActiveCfg = Debug|Any CPU
		{B368BB33-0153-4601-A74D-B5D0FE992D42}.Debug|Any CPU.Build.0 = Debug|Any CPU
		{B368BB33-0153-4601-A74D-B5D0FE992D42}.Release|Any CPU.ActiveCfg = Release|Any CPU
		{B368BB33-0153-4601-A74D-B5D0FE992D42}.Release|Any CPU.Build.0 = Release|Any CPU
	EndGlobalSection
	GlobalSection(SolutionProperties) = preSolution
		HideSolutionNode = FALSE
	EndGlobalSection
EndGlobal
